
Microsoft Visual Studio Solution File, Format Version 12.00
# Visual Studio Version 16
VisualStudioVersion = 16.0.29409.12
MinimumVisualStudioVersion = 10.0.40219.1
Project("{FAE04EC0-301F-11D3-BF4B-00C04F79EFBC}") = "PoslovniImenik2019", "PoslovniImenik2019\PoslovniImenik2019.csproj", "{91A3B054-D377-4D7B-8160-6FE2F39C49FE}"
EndProject
Global
	GlobalSection(SolutionConfigurationPlatforms) = preSolution
		Debug|Any CPU = Debug|Any CPU
		Release|Any CPU = Release|Any CPU
	EndGlobalSection
	GlobalSection(ProjectConfigurationPlatforms) = postSolution
		{91A3B054-D377-4D7B-8160-6FE2F39C49FE}.Debug|Any CPU.ActiveCfg = Debug|Any CPU
		{91A3B054-D377-4D7B-8160-6FE2F39C49FE}.Debug|Any CPU.Build.0 = Debug|Any CPU
		{91A3B054-D377-4D7B-8160-6FE2F39C49FE}.Release|Any CPU.ActiveCfg = Release|Any CPU
		{91A3B054-D377-4D7B-8160-6FE2F39C49FE}.Release|Any CPU.Build.0 = Release|Any CPU
	EndGlobalSection
	GlobalSection(SolutionProperties) = preSolution
		HideSolutionNode = FALSE
	EndGlobalSection
	GlobalSection(ExtensibilityGlobals) = postSolution
		SolutionGuid = {F6E417BB-98D8-4FB7-961C-6BAB96D82916}
	EndGlobalSection
EndGlobal
